{
  "version": 4,
  "terraform_version": "1.2.0",
  "serial": 120,
  "lineage": "cd148dd0-4173-7c9e-3dfc-e7985bc2b12f",
  "outputs": {},
  "resources": [
    {
      "mode": "managed",
      "type": "azurerm_resource_group",
      "name": "test",
      "provider": "provider[\"registry.terraform.io/hashicorp/azurerm\"]",
      "instances": [
        {
          "schema_version": 0,
          "attributes": {
            "id": "/subscriptions/3b819b31-37f6-498e-9f22-2af1233d2977/resourceGroups/acctestrg",
            "location": "westeurope",
            "name": "acctestrg",
            "tags": {},
            "timeouts": null
          },
          "sensitive_attributes": [],
          "private": "eyJlMmJmYjczMC1lY2FhLTExZTYtOGY4OC0zNDM2M2JjN2M0YzAiOnsiY3JlYXRlIjo1NDAwMDAwMDAwMDAwLCJkZWxldGUiOjU0MDAwMDAwMDAwMDAsInJlYWQiOjMwMDAwMDAwMDAwMCwidXBkYXRlIjo1NDAwMDAwMDAwMDAwfX0="
        }
      ]
    },
    {
      "mode": "managed",
      "type": "azurerm_virtual_network",
      "name": "test",
      "provider": "provider[\"registry.terraform.io/hashicorp/azurerm\"]",
      "instances": [
        {
          "schema_version": 0,
          "attributes": {
            "address_space": [
              "10.0.0.0/16"
            ],
            "bgp_community": "",
            "ddos_protection_plan": [],
            "dns_servers": [],
            "edge_zone": "",
            "flow_timeout_in_minutes": 0,
            "guid": "bbc07f40-7a06-4a34-8264-3c1d50d37a58",
            "id": "/subscriptions/3b819b31-37f6-498e-9f22-2af1233d2977/resourceGroups/acctestrg/providers/Microsoft.Network/virtualNetworks/acctvn",
            "location": "westeurope",
            "name": "acctvn",
            "resource_group_name": "acctestrg",
            "subnet": [
              {
                "address_prefix": "10.0.2.0/24",
                "id": "/subscriptions/3b819b31-37f6-498e-9f22-2af1233d2977/resourceGroups/acctestrg/providers/Microsoft.Network/virtualNetworks/acctvn/subnets/acctsub",
                "name": "acctsub",
                "security_group": ""
              },
              {
                "address_prefix": "10.0.3.0/26",
                "id": "/subscriptions/3b819b31-37f6-498e-9f22-2af1233d2977/resourceGroups/acctestrg/providers/Microsoft.Network/virtualNetworks/acctvn/subnets/AzureBastionSubnet",
                "name": "AzureBastionSubnet",
                "security_group": ""
              }
            ],
            "tags": {},
            "timeouts": null
          },
          "sensitive_attributes": [],
          "private": "eyJlMmJmYjczMC1lY2FhLTExZTYtOGY4OC0zNDM2M2JjN2M0YzAiOnsiY3JlYXRlIjoxODAwMDAwMDAwMDAwLCJkZWxldGUiOjE4MDAwMDAwMDAwMDAsInJlYWQiOjMwMDAwMDAwMDAwMCwidXBkYXRlIjoxODAwMDAwMDAwMDAwfX0=",
          "dependencies": [
            "azurerm_resource_group.test"
          ]
        }
      ]
    }
  ]
}
